// !$*UTF8*$!
{
	archiveVersion = 1;
	classes = {
	};
	objectVersion = 56;
	objects = {

/* Begin PBXBuildFile section */
		024C3008299E1C3600370722 /* DataStructureAndAlgorithmsApp.swift in Sources */ = {isa = PBXBuildFile; fileRef = 024C3007299E1C3600370722 /* DataStructureAndAlgorithmsApp.swift */; };
		024C300A299E1C3600370722 /* ContentView.swift in Sources */ = {isa = PBXBuildFile; fileRef = 024C3009299E1C3600370722 /* ContentView.swift */; };
		024C300C299E1C3800370722 /* Assets.xcassets in Resources */ = {isa = PBXBuildFile; fileRef = 024C300B299E1C3800370722 /* Assets.xcassets */; };
		024C300F299E1C3800370722 /* Preview Assets.xcassets in Resources */ = {isa = PBXBuildFile; fileRef = 024C300E299E1C3800370722 /* Preview Assets.xcassets */; };
		024C3019299E1C3800370722 /* DataStructureAndAlgorithmsTests.swift in Sources */ = {isa = PBXBuildFile; fileRef = 024C3018299E1C3800370722 /* DataStructureAndAlgorithmsTests.swift */; };
		024C3023299E1C3800370722 /* DataStructureAndAlgorithmsUITests.swift in Sources */ = {isa = PBXBuildFile; fileRef = 024C3022299E1C3800370722 /* DataStructureAndAlgorithmsUITests.swift */; };
		024C3025299E1C3800370722 /* DataStructureAndAlgorithmsUITestsLaunchTests.swift in Sources */ = {isa = PBXBuildFile; fileRef = 024C3024299E1C3800370722 /* DataStructureAndAlgorithmsUITestsLaunchTests.swift */; };
/* End PBXBuildFile section */

/* Begin PBXContainerItemProxy section */
		024C3015299E1C3800370722 /* PBXContainerItemProxy */ = {
			isa = PBXContainerItemProxy;
			containerPortal = 024C2FFC299E1C3600370722 /* Project object */;
			proxyType = 1;
			remoteGlobalIDString = 024C3003299E1C3600370722;
			remoteInfo = DataStructureAndAlgorithms;
		};
		024C301F299E1C3800370722 /* PBXContainerItemProxy */ = {
			isa = PBXContainerItemProxy;
			containerPortal = 024C2FFC299E1C3600370722 /* Project object */;
			proxyType = 1;
			remoteGlobalIDString = 024C3003299E1C3600370722;
			remoteInfo = DataStructureAndAlgorithms;
		};
/* End PBXContainerItemProxy section */

/* Begin PBXFileReference section */
		024C3004299E1C3600370722 /* DataStructureAndAlgorithms.app */ = {isa = PBXFileReference; explicitFileType = wrapper.application; includeInIndex = 0; path = DataStructureAndAlgorithms.app; sourceTree = BUILT_PRODUCTS_DIR; };
		024C3007299E1C3600370722 /* DataStructureAndAlgorithmsApp.swift */ = {isa = PBXFileReference; lastKnownFileType = sourcecode.swift; path = DataStructureAndAlgorithmsApp.swift; sourceTree = "<group>"; };
		024C3009299E1C3600370722 /* ContentView.swift */ = {isa = PBXFileReference; lastKnownFileType = sourcecode.swift; path = ContentView.swift; sourceTree = "<group>"; };
		024C300B299E1C3800370722 /* Assets.xcassets */ = {isa = PBXFileReference; lastKnownFileType = folder.assetcatalog; path = Assets.xcassets; sourceTree = "<group>"; };
		024C300E299E1C3800370722 /* Preview Assets.xcassets */ = {isa = PBXFileReference; lastKnownFileType = folder.assetcatalog; path = "Preview Assets.xcassets"; sourceTree = "<group>"; };
		024C3014299E1C3800370722 /* DataStructureAndAlgorithmsTests.xctest */ = {isa = PBXFileReference; explicitFileType = wrapper.cfbundle; includeInIndex = 0; path = DataStructureAndAlgorithmsTests.xctest; sourceTree = BUILT_PRODUCTS_DIR; };
		024C3018299E1C3800370722 /* DataStructureAndAlgorithmsTests.swift */ = {isa = PBXFileReference; lastKnownFileType = sourcecode.swift; path = DataStructureAndAlgorithmsTests.swift; sourceTree = "<group>"; };
		024C301E299E1C3800370722 /* DataStructureAndAlgorithmsUITests.xctest */ = {isa = PBXFileReference; explicitFileType = wrapper.cfbundle; includeInIndex = 0; path = DataStructureAndAlgorithmsUITests.xctest; sourceTree = BUILT_PRODUCTS_DIR; };
		024C3022299E1C3800370722 /* DataStructureAndAlgorithmsUITests.swift */ = {isa = PBXFileReference; lastKnownFileType = sourcecode.swift; path = DataStructureAndAlgorithmsUITests.swift; sourceTree = "<group>"; };
		024C3024299E1C3800370722 /* DataStructureAndAlgorithmsUITestsLaunchTests.swift */ = {isa = PBXFileReference; lastKnownFileType = sourcecode.swift; path = DataStructureAndAlgorithmsUITestsLaunchTests.swift; sourceTree = "<group>"; };
/* End PBXFileReference section */

/* Begin PBXFrameworksBuildPhase section */
		024C3001299E1C3600370722 /* Frameworks */ = {
			isa = PBXFrameworksBuildPhase;
			buildActionMask = 2147483647;
			files = (
			);
			runOnlyForDeploymentPostprocessing = 0;
		};
		024C3011299E1C3800370722 /* Frameworks */ = {
			isa = PBXFrameworksBuildPhase;
			buildActionMask = 2147483647;
			files = (
			);
			runOnlyForDeploymentPostprocessing = 0;
		};
		024C301B299E1C3800370722 /* Frameworks */ = {
			isa = PBXFrameworksBuildPhase;
			buildActionMask = 2147483647;
			files = (
			);
			runOnlyForDeploymentPostprocessing = 0;
		};
/* End PBXFrameworksBuildPhase section */

/* Begin PBXGroup section */
		024C2FFB299E1C3600370722 = {
			isa = PBXGroup;
			children = (
				024C3006299E1C3600370722 /* DataStructureAndAlgorithms */,
				024C3017299E1C3800370722 /* DataStructureAndAlgorithmsTests */,
				024C3021299E1C3800370722 /* DataStructureAndAlgorithmsUITests */,
				024C3005299E1C3600370722 /* Products */,
			);
			sourceTree = "<group>";
		};
		024C3005299E1C3600370722 /* Products */ = {
			isa = PBXGroup;
			children = (
				024C3004299E1C3600370722 /* DataStructureAndAlgorithms.app */,
				024C3014299E1C3800370722 /* DataStructureAndAlgorithmsTests.xctest */,
				024C301E299E1C3800370722 /* DataStructureAndAlgorithmsUITests.xctest */,
			);
			name = Products;
			sourceTree = "<group>";
		};
		024C3006299E1C3600370722 /* DataStructureAndAlgorithms */ = {
			isa = PBXGroup;
			children = (
				024C3007299E1C3600370722 /* DataStructureAndAlgorithmsApp.swift */,
				024C3009299E1C3600370722 /* ContentView.swift */,
				024C300B299E1C3800370722 /* Assets.xcassets */,
				024C300D299E1C3800370722 /* Preview Content */,
			);
			path = DataStructureAndAlgorithms;
			sourceTree = "<group>";
		};
		024C300D299E1C3800370722 /* Preview Content */ = {
			isa = PBXGroup;
			children = (
				024C300E299E1C3800370722 /* Preview Assets.xcassets */,
			);
			path = "Preview Content";
			sourceTree = "<group>";
		};
		024C3017299E1C3800370722 /* DataStructureAndAlgorithmsTests */ = {
			isa = PBXGroup;
			children = (
				024C3018299E1C3800370722 /* DataStructureAndAlgorithmsTests.swift */,
			);
			path = DataStructureAndAlgorithmsTests;
			sourceTree = "<group>";
		};
		024C3021299E1C3800370722 /* DataStructureAndAlgorithmsUITests */ = {
			isa = PBXGroup;
			children = (
				024C3022299E1C3800370722 /* DataStructureAndAlgorithmsUITests.swift */,
				024C3024299E1C3800370722 /* DataStructureAndAlgorithmsUITestsLaunchTests.swift */,
			);
			path = DataStructureAndAlgorithmsUITests;
			sourceTree = "<group>";
		};
/* End PBXGroup section */

/* Begin PBXNativeTarget section */
		024C3003299E1C3600370722 /* DataStructureAndAlgorithms */ = {
			isa = PBXNativeTarget;
			buildConfigurationList = 024C3028299E1C3800370722 /* Build configuration list for PBXNativeTarget "DataStructureAndAlgorithms" */;
			buildPhases = (
				024C3000299E1C3600370722 /* Sources */,
				024C3001299E1C3600370722 /* Frameworks */,
				024C3002299E1C3600370722 /* Resources */,
			);
			buildRules = (
			);
			dependencies = (
			);
			name = DataStructureAndAlgorithms;
			productName = DataStructureAndAlgorithms;
			productReference = 024C3004299E1C3600370722 /* DataStructureAndAlgorithms.app */;
			productType = "com.apple.product-type.application";
		};
		024C3013299E1C3800370722 /* DataStructureAndAlgorithmsTests */ = {
			isa = PBXNativeTarget;
			buildConfigurationList = 024C302B299E1C3800370722 /* Build configuration list for PBXNativeTarget "DataStructureAndAlgorithmsTests" */;
			buildPhases = (
				024C3010299E1C3800370722 /* Sources */,
				024C3011299E1C3800370722 /* Frameworks */,
				024C3012299E1C3800370722 /* Resources */,
			);
			buildRules = (
			);
			dependencies = (
				024C3016299E1C3800370722 /* PBXTargetDependency */,
			);
			name = DataStructureAndAlgorithmsTests;
			productName = DataStructureAndAlgorithmsTests;
			productReference = 024C3014299E1C3800370722 /* DataStructureAndAlgorithmsTests.xctest */;
			productType = "com.apple.product-type.bundle.unit-test";
		};
		024C301D299E1C3800370722 /* DataStructureAndAlgorithmsUITests */ = {
			isa = PBXNativeTarget;
			buildConfigurationList = 024C302E299E1C3800370722 /* Build configuration list for PBXNativeTarget "DataStructureAndAlgorithmsUITests" */;
			buildPhases = (
				024C301A299E1C3800370722 /* Sources */,
				024C301B299E1C3800370722 /* Frameworks */,
				024C301C299E1C3800370722 /* Resources */,
			);
			buildRules = (
			);
			dependencies = (
				024C3020299E1C3800370722 /* PBXTargetDependency */,
			);
			name = DataStructureAndAlgorithmsUITests;
			productName = DataStructureAndAlgorithmsUITests;
			productReference = 024C301E299E1C3800370722 /* DataStructureAndAlgorithmsUITests.xctest */;
			productType = "com.apple.product-type.bundle.ui-testing";
		};
/* End PBXNativeTarget section */

/* Begin PBXProject section */
		024C2FFC299E1C3600370722 /* Project object */ = {
			isa = PBXProject;
			attributes = {
				BuildIndependentTargetsInParallel = 1;
				LastSwiftUpdateCheck = 1420;
				LastUpgradeCheck = 1420;
				TargetAttributes = {
					024C3003299E1C3600370722 = {
						CreatedOnToolsVersion = 14.2;
					};
					024C3013299E1C3800370722 = {
						CreatedOnToolsVersion = 14.2;
						TestTargetID = 024C3003299E1C3600370722;
					};
					024C301D299E1C3800370722 = {
						CreatedOnToolsVersion = 14.2;
						TestTargetID = 024C3003299E1C3600370722;
					};
				};
			};
			buildConfigurationList = 024C2FFF299E1C3600370722 /* Build configuration list for PBXProject "DataStructureAndAlgorithms" */;
			compatibilityVersion = "Xcode 14.0";
			developmentRegion = en;
			hasScannedForEncodings = 0;
			knownRegions = (
				en,
				Base,
			);
			mainGroup = 024C2FFB299E1C3600370722;
			productRefGroup = 024C3005299E1C3600370722 /* Products */;
			projectDirPath = "";
			projectRoot = "";
			targets = (
				024C3003299E1C3600370722 /* DataStructureAndAlgorithms */,
				024C3013299E1C3800370722 /* DataStructureAndAlgorithmsTests */,
				024C301D299E1C3800370722 /* DataStructureAndAlgorithmsUITests */,
			);
		};
/* End PBXProject section */

/* Begin PBXResourcesBuildPhase section */
		024C3002299E1C3600370722 /* Resources */ = {
			isa = PBXResourcesBuildPhase;
			buildActionMask = 2147483647;
			files = (
				024C300F299E1C3800370722 /* Preview Assets.xcassets in Resources */,
				024C300C299E1C3800370722 /* Assets.xcassets in Resources */,
			);
			runOnlyForDeploymentPostprocessing = 0;
		};
		024C3012299E1C3800370722 /* Resources */ = {
			isa = PBXResourcesBuildPhase;
			buildActionMask = 2147483647;
			files = (
			);
			runOnlyForDeploymentPostprocessing = 0;
		};
		024C301C299E1C3800370722 /* Resources */ = {
			isa = PBXResourcesBuildPhase;
			buildActionMask = 2147483647;
			files = (
			);
			runOnlyForDeploymentPostprocessing = 0;
		};
/* End PBXResourcesBuildPhase section */

/* Begin PBXSourcesBuildPhase section */
		024C3000299E1C3600370722 /* Sources */ = {
			isa = PBXSourcesBuildPhase;
			buildActionMask = 2147483647;
			files = (
				024C300A299E1C3600370722 /* ContentView.swift in Sources */,
				024C3008299E1C3600370722 /* DataStructureAndAlgorithmsApp.swift in Sources */,
			);
			runOnlyForDeploymentPostprocessing = 0;
		};
		024C3010299E1C3800370722 /* Sources */ = {
			isa = PBXSourcesBuildPhase;
			buildActionMask = 2147483647;
			files = (
				024C3019299E1C3800370722 /* DataStructureAndAlgorithmsTests.swift in Sources */,
			);
			runOnlyForDeploymentPostprocessing = 0;
		};
		024C301A299E1C3800370722 /* Sources */ = {
			isa = PBXSourcesBuildPhase;
			buildActionMask = 2147483647;
			files = (
				024C3025299E1C3800370722 /* DataStructureAndAlgorithmsUITestsLaunchTests.swift in Sources */,
				024C3023299E1C3800370722 /* DataStructureAndAlgorithmsUITests.swift in Sources */,
			);
			runOnlyForDeploymentPostprocessing = 0;
		};
/* End PBXSourcesBuildPhase section */

/* Begin PBXTargetDependency section */
		024C3016299E1C3800370722 /* PBXTargetDependency */ = {
			isa = PBXTargetDependency;
			target = 024C3003299E1C3600370722 /* DataStructureAndAlgorithms */;
			targetProxy = 024C3015299E1C3800370722 /* PBXContainerItemProxy */;
		};
		024C3020299E1C3800370722 /* PBXTargetDependency */ = {
			isa = PBXTargetDependency;
			target = 024C3003299E1C3600370722 /* DataStructureAndAlgorithms */;
			targetProxy = 024C301F299E1C3800370722 /* PBXContainerItemProxy */;
		};
/* End PBXTargetDependency section */

/* Begin XCBuildConfiguration section */
		024C3026299E1C3800370722 /* Debug */ = {
			isa = XCBuildConfiguration;
			buildSettings = {
				ALWAYS_SEARCH_USER_PATHS = NO;
				CLANG_ANALYZER_NONNULL = YES;
				CLANG_ANALYZER_NUMBER_OBJECT_CONVERSION = YES_AGGRESSIVE;
				CLANG_CXX_LANGUAGE_STANDARD = "gnu++20";
				CLANG_ENABLE_MODULES = YES;
				CLANG_ENABLE_OBJC_ARC = YES;
				CLANG_ENABLE_OBJC_WEAK = YES;
				CLANG_WARN_BLOCK_CAPTURE_AUTORELEASING = YES;
				CLANG_WARN_BOOL_CONVERSION = YES;
				CLANG_WARN_COMMA = YES;
				CLANG_WARN_CONSTANT_CONVERSION = YES;
				CLANG_WARN_DEPRECATED_OBJC_IMPLEMENTATIONS = YES;
				CLANG_WARN_DIRECT_OBJC_ISA_USAGE = YES_ERROR;
				CLANG_WARN_DOCUMENTATION_COMMENTS = YES;
				CLANG_WARN_EMPTY_BODY = YES;
				CLANG_WARN_ENUM_CONVERSION = YES;
				CLANG_WARN_INFINITE_RECURSION = YES;
				CLANG_WARN_INT_CONVERSION = YES;
				CLANG_WARN_NON_LITERAL_NULL_CONVERSION = YES;
				CLANG_WARN_OBJC_IMPLICIT_RETAIN_SELF = YES;
				CLANG_WARN_OBJC_LITERAL_CONVERSION = YES;
				CLANG_WARN_OBJC_ROOT_CLASS = YES_ERROR;
				CLANG_WARN_QUOTED_INCLUDE_IN_FRAMEWORK_HEADER = YES;
				CLANG_WARN_RANGE_LOOP_ANALYSIS = YES;
				CLANG_WARN_STRICT_PROTOTYPES = YES;
				CLANG_WARN_SUSPICIOUS_MOVE = YES;
				CLANG_WARN_UNGUARDED_AVAILABILITY = YES_AGGRESSIVE;
				CLANG_WARN_UNREACHABLE_CODE = YES;
				CLANG_WARN__DUPLICATE_METHOD_MATCH = YES;
				COPY_PHASE_STRIP = NO;
				DEBUG_INFORMATION_FORMAT = dwarf;
				ENABLE_STRICT_OBJC_MSGSEND = YES;
				ENABLE_TESTABILITY = YES;
				GCC_C_LANGUAGE_STANDARD = gnu11;
				GCC_DYNAMIC_NO_PIC = NO;
				GCC_NO_COMMON_BLOCKS = YES;
				GCC_OPTIMIZATION_LEVEL = 0;
				GCC_PREPROCESSOR_DEFINITIONS = (
					"DEBUG=1",
					"$(inherited)",
				);
				GCC_WARN_64_TO_32_BIT_CONVERSION = YES;
				GCC_WARN_ABOUT_RETURN_TYPE = YES_ERROR;
				GCC_WARN_UNDECLARED_SELECTOR = YES;
				GCC_WARN_UNINITIALIZED_AUTOS = YES_AGGRESSIVE;
				GCC_WARN_UNUSED_FUNCTION = YES;
				GCC_WARN_UNUSED_VARIABLE = YES;
				IPHONEOS_DEPLOYMENT_TARGET = 16.2;
				MTL_ENABLE_DEBUG_INFO = INCLUDE_SOURCE;
				MTL_FAST_MATH = YES;
				ONLY_ACTIVE_ARCH = YES;
				SDKROOT = iphoneos;
				SWIFT_ACTIVE_COMPILATION_CONDITIONS = DEBUG;
				SWIFT_OPTIMIZATION_LEVEL = "-Onone";
			};
			name = Debug;
		};
		024C3027299E1C3800370722 /* Release */ = {
			isa = XCBuildConfiguration;
			buildSettings = {
				ALWAYS_SEARCH_USER_PATHS = NO;
				CLANG_ANALYZER_NONNULL = YES;
				CLANG_ANALYZER_NUMBER_OBJECT_CONVERSION = YES_AGGRESSIVE;
				CLANG_CXX_LANGUAGE_STANDARD = "gnu++20";
				CLANG_ENABLE_MODULES = YES;
				CLANG_ENABLE_OBJC_ARC = YES;
				CLANG_ENABLE_OBJC_WEAK = YES;
				CLANG_WARN_BLOCK_CAPTURE_AUTORELEASING = YES;
				CLANG_WARN_BOOL_CONVERSION = YES;
				CLANG_WARN_COMMA = YES;
				CLANG_WARN_CONSTANT_CONVERSION = YES;
				CLANG_WARN_DEPRECATED_OBJC_IMPLEMENTATIONS = YES;
				CLANG_WARN_DIRECT_OBJC_ISA_USAGE = YES_ERROR;
				CLANG_WARN_DOCUMENTATION_COMMENTS = YES;
				CLANG_WARN_EMPTY_BODY = YES;
				CLANG_WARN_ENUM_CONVERSION = YES;
				CLANG_WARN_INFINITE_RECURSION = YES;
				CLANG_WARN_INT_CONVERSION = YES;
				CLANG_WARN_NON_LITERAL_NULL_CONVERSION = YES;
				CLANG_WARN_OBJC_IMPLICIT_RETAIN_SELF = YES;
				CLANG_WARN_OBJC_LITERAL_CONVERSION = YES;
				CLANG_WARN_OBJC_ROOT_CLASS = YES_ERROR;
				CLANG_WARN_QUOTED_INCLUDE_IN_FRAMEWORK_HEADER = YES;
				CLANG_WARN_RANGE_LOOP_ANALYSIS = YES;
				CLANG_WARN_STRICT_PROTOTYPES = YES;
				CLANG_WARN_SUSPICIOUS_MOVE = YES;
				CLANG_WARN_UNGUARDED_AVAILABILITY = YES_AGGRESSIVE;
				CLANG_WARN_UNREACHABLE_CODE = YES;
				CLANG_WARN__DUPLICATE_METHOD_MATCH = YES;
				COPY_PHASE_STRIP = NO;
				DEBUG_INFORMATION_FORMAT = "dwarf-with-dsym";
				ENABLE_NS_ASSERTIONS = NO;
				ENABLE_STRICT_OBJC_MSGSEND = YES;
				GCC_C_LANGUAGE_STANDARD = gnu11;
				GCC_NO_COMMON_BLOCKS = YES;
				GCC_WARN_64_TO_32_BIT_CONVERSION = YES;
				GCC_WARN_ABOUT_RETURN_TYPE = YES_ERROR;
				GCC_WARN_UNDECLARED_SELECTOR = YES;
				GCC_WARN_UNINITIALIZED_AUTOS = YES_AGGRESSIVE;
				GCC_WARN_UNUSED_FUNCTION = YES;
				GCC_WARN_UNUSED_VARIABLE = YES;
				IPHONEOS_DEPLOYMENT_TARGET = 16.2;
				MTL_ENABLE_DEBUG_INFO = NO;
				MTL_FAST_MATH = YES;
				SDKROOT = iphoneos;
				SWIFT_COMPILATION_MODE = wholemodule;
				SWIFT_OPTIMIZATION_LEVEL = "-O";
				VALIDATE_PRODUCT = YES;
			};
			name = Release;
		};
		024C3029299E1C3800370722 /* Debug */ = {
			isa = XCBuildConfiguration;
			buildSettings = {
				ASSETCATALOG_COMPILER_APPICON_NAME = AppIcon;
				ASSETCATALOG_COMPILER_GLOBAL_ACCENT_COLOR_NAME = AccentColor;
				CODE_SIGN_STYLE = Automatic;
				CURRENT_PROJECT_VERSION = 1;
				DEVELOPMENT_ASSET_PATHS = "\"DataStructureAndAlgorithms/Preview Content\"";
				DEVELOPMENT_TEAM = 3PHP3XA64F;
				ENABLE_PREVIEWS = YES;
				GENERATE_INFOPLIST_FILE = YES;
				INFOPLIST_KEY_UIApplicationSceneManifest_Generation = YES;
				INFOPLIST_KEY_UIApplicationSupportsIndirectInputEvents = YES;
				INFOPLIST_KEY_UILaunchScreen_Generation = YES;
				INFOPLIST_KEY_UISupportedInterfaceOrientations_iPad = "UIInterfaceOrientationPortrait UIInterfaceOrientationPortraitUpsideDown UIInterfaceOrientationLandscapeLeft UIInterfaceOrientationLandscapeRight";
				INFOPLIST_KEY_UISupportedInterfaceOrientations_iPhone = "UIInterfaceOrientationPortrait UIInterfaceOrientationLandscapeLeft UIInterfaceOrientationLandscapeRight";
				LD_RUNPATH_SEARCH_PATHS = (
					"$(inherited)",
					"@executable_path/Frameworks",
				);
				MARKETING_VERSION = 1.0;
				PRODUCT_BUNDLE_IDENTIFIER = devwithlove.DataStructureAndAlgorithms;
				PRODUCT_NAME = "$(TARGET_NAME)";
				SWIFT_EMIT_LOC_STRINGS = YES;
				SWIFT_VERSION = 5.0;
				TARGETED_DEVICE_FAMILY = "1,2";
			};
			name = Debug;
		};
		024C302A299E1C3800370722 /* Release */ = {
			isa = XCBuildConfiguration;
			buildSettings = {
				ASSETCATALOG_COMPILER_APPICON_NAME = AppIcon;
				ASSETCATALOG_COMPILER_GLOBAL_ACCENT_COLOR_NAME = AccentColor;
				CODE_SIGN_STYLE = Automatic;
				CURRENT_PROJECT_VERSION = 1;
				DEVELOPMENT_ASSET_PATHS = "\"DataStructureAndAlgorithms/Preview Content\"";
				DEVELOPMENT_TEAM = 3PHP3XA64F;
				ENABLE_PREVIEWS = YES;
				GENERATE_INFOPLIST_FILE = YES;
				INFOPLIST_KEY_UIApplicationSceneManifest_Generation = YES;
				INFOPLIST_KEY_UIApplicationSupportsIndirectInputEvents = YES;
				INFOPLIST_KEY_UILaunchScreen_Generation = YES;
				INFOPLIST_KEY_UISupportedInterfaceOrientations_iPad = "UIInterfaceOrientationPortrait UIInterfaceOrientationPortraitUpsideDown UIInterfaceOrientationLandscapeLeft UIInterfaceOrientationLandscapeRight";
				INFOPLIST_KEY_UISupportedInterfaceOrientations_iPhone = "UIInterfaceOrientationPortrait UIInterfaceOrientationLandscapeLeft UIInterfaceOrientationLandscapeRight";
				LD_RUNPATH_SEARCH_PATHS = (
					"$(inherited)",
					"@executable_path/Frameworks",
				);
				MARKETING_VERSION = 1.0;
				PRODUCT_BUNDLE_IDENTIFIER = devwithlove.DataStructureAndAlgorithms;
				PRODUCT_NAME = "$(TARGET_NAME)";
				SWIFT_EMIT_LOC_STRINGS = YES;
				SWIFT_VERSION = 5.0;
				TARGETED_DEVICE_FAMILY = "1,2";
			};
			name = Release;
		};
		024C302C299E1C3800370722 /* Debug */ = {
			isa = XCBuildConfiguration;
			buildSettings = {
				ALWAYS_EMBED_SWIFT_STANDARD_LIBRARIES = YES;
				BUNDLE_LOADER = "$(TEST_HOST)";
				CODE_SIGN_STYLE = Automatic;
				CURRENT_PROJECT_VERSION = 1;
				DEVELOPMENT_TEAM = 3PHP3XA64F;
				GENERATE_INFOPLIST_FILE = YES;
				IPHONEOS_DEPLOYMENT_TARGET = 16.2;
				MARKETING_VERSION = 1.0;
				PRODUCT_BUNDLE_IDENTIFIER = devwithlove.DataStructureAndAlgorithmsTests;
				PRODUCT_NAME = "$(TARGET_NAME)";
				SWIFT_EMIT_LOC_STRINGS = NO;
				SWIFT_VERSION = 5.0;
				TARGETED_DEVICE_FAMILY = "1,2";
				TEST_HOST = "$(BUILT_PRODUCTS_DIR)/DataStructureAndAlgorithms.app/$(BUNDLE_EXECUTABLE_FOLDER_PATH)/DataStructureAndAlgorithms";
			};
			name = Debug;
		};
		024C302D299E1C3800370722 /* Release */ = {
			isa = XCBuildConfiguration;
			buildSettings = {
				ALWAYS_EMBED_SWIFT_STANDARD_LIBRARIES = YES;
				BUNDLE_LOADER = "$(TEST_HOST)";
				CODE_SIGN_STYLE = Automatic;
				CURRENT_PROJECT_VERSION = 1;
				DEVELOPMENT_TEAM = 3PHP3XA64F;
				GENERATE_INFOPLIST_FILE = YES;
				IPHONEOS_DEPLOYMENT_TARGET = 16.2;
				MARKETING_VERSION = 1.0;
				PRODUCT_BUNDLE_IDENTIFIER = devwithlove.DataStructureAndAlgorithmsTests;
				PRODUCT_NAME = "$(TARGET_NAME)";
				SWIFT_EMIT_LOC_STRINGS = NO;
				SWIFT_VERSION = 5.0;
				TARGETED_DEVICE_FAMILY = "1,2";
				TEST_HOST = "$(BUILT_PRODUCTS_DIR)/DataStructureAndAlgorithms.app/$(BUNDLE_EXECUTABLE_FOLDER_PATH)/DataStructureAndAlgorithms";
			};
			name = Release;
		};
		024C302F299E1C3800370722 /* Debug */ = {
			isa = XCBuildConfiguration;
			buildSettings = {
				ALWAYS_EMBED_SWIFT_STANDARD_LIBRARIES = YES;
				CODE_SIGN_STYLE = Automatic;
				CURRENT_PROJECT_VERSION = 1;
				DEVELOPMENT_TEAM = 3PHP3XA64F;
				GENERATE_INFOPLIST_FILE = YES;
				MARKETING_VERSION = 1.0;
				PRODUCT_BUNDLE_IDENTIFIER = devwithlove.DataStructureAndAlgorithmsUITests;
				PRODUCT_NAME = "$(TARGET_NAME)";
				SWIFT_EMIT_LOC_STRINGS = NO;
				SWIFT_VERSION = 5.0;
				TARGETED_DEVICE_FAMILY = "1,2";
				TEST_TARGET_NAME = DataStructureAndAlgorithms;
			};
			name = Debug;
		};
		024C3030299E1C3800370722 /* Release */ = {
			isa = XCBuildConfiguration;
			buildSettings = {
				ALWAYS_EMBED_SWIFT_STANDARD_LIBRARIES = YES;
				CODE_SIGN_STYLE = Automatic;
				CURRENT_PROJECT_VERSION = 1;
				DEVELOPMENT_TEAM = 3PHP3XA64F;
				GENERATE_INFOPLIST_FILE = YES;
				MARKETING_VERSION = 1.0;
				PRODUCT_BUNDLE_IDENTIFIER = devwithlove.DataStructureAndAlgorithmsUITests;
				PRODUCT_NAME = "$(TARGET_NAME)";
				SWIFT_EMIT_LOC_STRINGS = NO;
				SWIFT_VERSION = 5.0;
				TARGETED_DEVICE_FAMILY = "1,2";
				TEST_TARGET_NAME = DataStructureAndAlgorithms;
			};
			name = Release;
		};
/* End XCBuildConfiguration section */

/* Begin XCConfigurationList section */
		024C2FFF299E1C3600370722 /* Build configuration list for PBXProject "DataStructureAndAlgorithms" */ = {
			isa = XCConfigurationList;
			buildConfigurations = (
				024C3026299E1C3800370722 /* Debug */,
				024C3027299E1C3800370722 /* Release */,
			);
			defaultConfigurationIsVisible = 0;
			defaultConfigurationName = Release;
		};
		024C3028299E1C3800370722 /* Build configuration list for PBXNativeTarget "DataStructureAndAlgorithms" */ = {
			isa = XCConfigurationList;
			buildConfigurations = (
				024C3029299E1C3800370722 /* Debug */,
				024C302A299E1C3800370722 /* Release */,
			);
			defaultConfigurationIsVisible = 0;
			defaultConfigurationName = Release;
		};
		024C302B299E1C3800370722 /* Build configuration list for PBXNativeTarget "DataStructureAndAlgorithmsTests" */ = {
			isa = XCConfigurationList;
			buildConfigurations = (
				024C302C299E1C3800370722 /* Debug */,
				024C302D299E1C3800370722 /* Release */,
			);
			defaultConfigurationIsVisible = 0;
			defaultConfigurationName = Release;
		};
		024C302E299E1C3800370722 /* Build configuration list for PBXNativeTarget "DataStructureAndAlgorithmsUITests" */ = {
			isa = XCConfigurationList;
			buildConfigurations = (
				024C302F299E1C3800370722 /* Debug */,
				024C3030299E1C3800370722 /* Release */,
			);
			defaultConfigurationIsVisible = 0;
			defaultConfigurationName = Release;
		};
/* End XCConfigurationList section */
	};
	rootObject = 024C2FFC299E1C3600370722 /* Project object */;
}
